
Microsoft Visual Studio Solution File, Format Version 12.00
# Visual Studio Version 16
VisualStudioVersion = 16.0.31702.278
MinimumVisualStudioVersion = 10.0.40219.1
Project("{FAE04EC0-301F-11D3-BF4B-00C04F79EFBC}") = "Lab", "Lab\Lab.csproj", "{0E9B7BC7-3B53-40AF-A0EB-CD15AEA2615E}"
EndProject
Project("{FAE04EC0-301F-11D3-BF4B-00C04F79EFBC}") = "Model", "Model\Model.csproj", "{DC926530-9BEF-4386-A3AE-89F08485577A}"
EndProject
Global
	GlobalSection(SolutionConfigurationPlatforms) = preSolution
		Debug|Any CPU = Debug|Any CPU
		Release|Any CPU = Release|Any CPU
	EndGlobalSection
	GlobalSection(ProjectConfigurationPlatforms) = postSolution
		{0E9B7BC7-3B53-40AF-A0EB-CD15AEA2615E}.Debug|Any CPU.ActiveCfg = Debug|Any CPU
		{0E9B7BC7-3B53-40AF-A0EB-CD15AEA2615E}.Debug|Any CPU.Build.0 = Debug|Any CPU
		{0E9B7BC7-3B53-40AF-A0EB-CD15AEA2615E}.Release|Any CPU.ActiveCfg = Release|Any CPU
		{0E9B7BC7-3B53-40AF-A0EB-CD15AEA2615E}.Release|Any CPU.Build.0 = Release|Any CPU
		{DC926530-9BEF-4386-A3AE-89F08485577A}.Debug|Any CPU.ActiveCfg = Debug|Any CPU
		{DC926530-9BEF-4386-A3AE-89F08485577A}.Debug|Any CPU.Build.0 = Debug|Any CPU
		{DC926530-9BEF-4386-A3AE-89F08485577A}.Release|Any CPU.ActiveCfg = Release|Any CPU
		{DC926530-9BEF-4386-A3AE-89F08485577A}.Release|Any CPU.Build.0 = Release|Any CPU
	EndGlobalSection
	GlobalSection(SolutionProperties) = preSolution
		HideSolutionNode = FALSE
	EndGlobalSection
	GlobalSection(ExtensibilityGlobals) = postSolution
		SolutionGuid = {EAEC2EC2-484B-423F-8ADA-B2AEE486C558}
	EndGlobalSection
EndGlobal
